// !$*UTF8*$!
{
	archiveVersion = 1;
	classes = {
	};
	objectVersion = 50;
	objects = {

/* Begin PBXBuildFile section */
		8459048A262078BA00BCA6BA /* AppDelegate.swift in Sources */ = {isa = PBXBuildFile; fileRef = 84590489262078BA00BCA6BA /* AppDelegate.swift */; };
		8459048C262078BA00BCA6BA /* SceneDelegate.swift in Sources */ = {isa = PBXBuildFile; fileRef = 8459048B262078BA00BCA6BA /* SceneDelegate.swift */; };
		8459048E262078BA00BCA6BA /* ViewController.swift in Sources */ = {isa = PBXBuildFile; fileRef = 8459048D262078BA00BCA6BA /* ViewController.swift */; };
		84590491262078BA00BCA6BA /* Main.storyboard in Resources */ = {isa = PBXBuildFile; fileRef = 8459048F262078BA00BCA6BA /* Main.storyboard */; };
		84590493262078BB00BCA6BA /* Assets.xcassets in Resources */ = {isa = PBXBuildFile; fileRef = 84590492262078BB00BCA6BA /* Assets.xcassets */; };
		84590496262078BB00BCA6BA /* LaunchScreen.storyboard in Resources */ = {isa = PBXBuildFile; fileRef = 84590494262078BB00BCA6BA /* LaunchScreen.storyboard */; };
		8459049F262078CE00BCA6BA /* PopoverViewController.swift in Sources */ = {isa = PBXBuildFile; fileRef = 8459049E262078CE00BCA6BA /* PopoverViewController.swift */; };
		845904A22620790600BCA6BA /* ListItem.swift in Sources */ = {isa = PBXBuildFile; fileRef = 845904A12620790600BCA6BA /* ListItem.swift */; };
		845904A82620791D00BCA6BA /* FontCell.swift in Sources */ = {isa = PBXBuildFile; fileRef = 845904A72620791D00BCA6BA /* FontCell.swift */; };
		845904AB2620792D00BCA6BA /* ColorCell.swift in Sources */ = {isa = PBXBuildFile; fileRef = 845904AA2620792D00BCA6BA /* ColorCell.swift */; };
		846B316626EA6D50008192E0 /* ListItemDisplay.swift in Sources */ = {isa = PBXBuildFile; fileRef = 846B316526EA6D50008192E0 /* ListItemDisplay.swift */; };
		846B316C26EA71E5008192E0 /* Font.swift in Sources */ = {isa = PBXBuildFile; fileRef = 846B316B26EA71E5008192E0 /* Font.swift */; };
		846B317026EA71EE008192E0 /* Color.swift in Sources */ = {isa = PBXBuildFile; fileRef = 846B316F26EA71EE008192E0 /* Color.swift */; };
/* End PBXBuildFile section */

/* Begin PBXFileReference section */
		84590486262078BA00BCA6BA /* PopoverPicker.app */ = {isa = PBXFileReference; explicitFileType = wrapper.application; includeInIndex = 0; path = PopoverPicker.app; sourceTree = BUILT_PRODUCTS_DIR; };
		84590489262078BA00BCA6BA /* AppDelegate.swift */ = {isa = PBXFileReference; lastKnownFileType = sourcecode.swift; path = AppDelegate.swift; sourceTree = "<group>"; };
		8459048B262078BA00BCA6BA /* SceneDelegate.swift */ = {isa = PBXFileReference; lastKnownFileType = sourcecode.swift; path = SceneDelegate.swift; sourceTree = "<group>"; };
		8459048D262078BA00BCA6BA /* ViewController.swift */ = {isa = PBXFileReference; lastKnownFileType = sourcecode.swift; path = ViewController.swift; sourceTree = "<group>"; };
		84590490262078BA00BCA6BA /* Base */ = {isa = PBXFileReference; lastKnownFileType = file.storyboard; name = Base; path = Base.lproj/Main.storyboard; sourceTree = "<group>"; };
		84590492262078BB00BCA6BA /* Assets.xcassets */ = {isa = PBXFileReference; lastKnownFileType = folder.assetcatalog; path = Assets.xcassets; sourceTree = "<group>"; };
		84590495262078BB00BCA6BA /* Base */ = {isa = PBXFileReference; lastKnownFileType = file.storyboard; name = Base; path = Base.lproj/LaunchScreen.storyboard; sourceTree = "<group>"; };
		84590497262078BB00BCA6BA /* Info.plist */ = {isa = PBXFileReference; lastKnownFileType = text.plist.xml; path = Info.plist; sourceTree = "<group>"; };
		8459049E262078CE00BCA6BA /* PopoverViewController.swift */ = {isa = PBXFileReference; lastKnownFileType = sourcecode.swift; path = PopoverViewController.swift; sourceTree = "<group>"; };
		845904A12620790600BCA6BA /* ListItem.swift */ = {isa = PBXFileReference; fileEncoding = 4; lastKnownFileType = sourcecode.swift; path = ListItem.swift; sourceTree = "<group>"; };
		845904A72620791D00BCA6BA /* FontCell.swift */ = {isa = PBXFileReference; lastKnownFileType = sourcecode.swift; path = "\U0010FontCell.swift"; sourceTree = "<group>"; };
		845904AA2620792D00BCA6BA /* ColorCell.swift */ = {isa = PBXFileReference; lastKnownFileType = sourcecode.swift; path = ColorCell.swift; sourceTree = "<group>"; };
		846B316526EA6D50008192E0 /* ListItemDisplay.swift */ = {isa = PBXFileReference; lastKnownFileType = sourcecode.swift; path = ListItemDisplay.swift; sourceTree = "<group>"; };
		846B316B26EA71E5008192E0 /* Font.swift */ = {isa = PBXFileReference; lastKnownFileType = sourcecode.swift; path = Font.swift; sourceTree = "<group>"; };
		846B316F26EA71EE008192E0 /* Color.swift */ = {isa = PBXFileReference; lastKnownFileType = sourcecode.swift; path = Color.swift; sourceTree = "<group>"; };
/* End PBXFileReference section */

/* Begin PBXFrameworksBuildPhase section */
		84590483262078BA00BCA6BA /* Frameworks */ = {
			isa = PBXFrameworksBuildPhase;
			buildActionMask = 2147483647;
			files = (
			);
			runOnlyForDeploymentPostprocessing = 0;
		};
/* End PBXFrameworksBuildPhase section */

/* Begin PBXGroup section */
		8459047D262078B900BCA6BA = {
			isa = PBXGroup;
			children = (
				84590488262078BA00BCA6BA /* PopoverPicker */,
				84590487262078BA00BCA6BA /* Products */,
			);
			sourceTree = "<group>";
		};
		84590487262078BA00BCA6BA /* Products */ = {
			isa = PBXGroup;
			children = (
				84590486262078BA00BCA6BA /* PopoverPicker.app */,
			);
			name = Products;
			sourceTree = "<group>";
		};
		84590488262078BA00BCA6BA /* PopoverPicker */ = {
			isa = PBXGroup;
			children = (
				846B316A26EA71D7008192E0 /* Item */,
				846B316826EA71BA008192E0 /* Display */,
				84590489262078BA00BCA6BA /* AppDelegate.swift */,
				8459048B262078BA00BCA6BA /* SceneDelegate.swift */,
				8459048D262078BA00BCA6BA /* ViewController.swift */,
				8459048F262078BA00BCA6BA /* Main.storyboard */,
				84590492262078BB00BCA6BA /* Assets.xcassets */,
				84590494262078BB00BCA6BA /* LaunchScreen.storyboard */,
				84590497262078BB00BCA6BA /* Info.plist */,
				8459049E262078CE00BCA6BA /* PopoverViewController.swift */,
			);
			path = PopoverPicker;
			sourceTree = "<group>";
		};
		846B316826EA71BA008192E0 /* Display */ = {
			isa = PBXGroup;
			children = (
				845904A72620791D00BCA6BA /* FontCell.swift */,
				845904AA2620792D00BCA6BA /* ColorCell.swift */,
				846B316526EA6D50008192E0 /* ListItemDisplay.swift */,
			);
			path = Display;
			sourceTree = "<group>";
		};
		846B316A26EA71D7008192E0 /* Item */ = {
			isa = PBXGroup;
			children = (
				845904A12620790600BCA6BA /* ListItem.swift */,
				846B316B26EA71E5008192E0 /* Font.swift */,
				846B316F26EA71EE008192E0 /* Color.swift */,
			);
			path = Item;
			sourceTree = "<group>";
		};
/* End PBXGroup section */

/* Begin PBXNativeTarget section */
		84590485262078BA00BCA6BA /* PopoverPicker */ = {
			isa = PBXNativeTarget;
			buildConfigurationList = 8459049A262078BB00BCA6BA /* Build configuration list for PBXNativeTarget "PopoverPicker" */;
			buildPhases = (
				84590482262078BA00BCA6BA /* Sources */,
				84590483262078BA00BCA6BA /* Frameworks */,
				84590484262078BA00BCA6BA /* Resources */,
				845904AE2620903600BCA6BA /* ShellScript */,
			);
			buildRules = (
			);
			dependencies = (
			);
			name = PopoverPicker;
			productName = PopoverPicker;
			productReference = 84590486262078BA00BCA6BA /* PopoverPicker.app */;
			productType = "com.apple.product-type.application";
		};
/* End PBXNativeTarget section */

/* Begin PBXProject section */
		8459047E262078B900BCA6BA /* Project object */ = {
			isa = PBXProject;
			attributes = {
				LastSwiftUpdateCheck = 1240;
				LastUpgradeCheck = 1240;
				TargetAttributes = {
					84590485262078BA00BCA6BA = {
						CreatedOnToolsVersion = 12.4;
					};
				};
			};
			buildConfigurationList = 84590481262078B900BCA6BA /* Build configuration list for PBXProject "PopoverPicker" */;
			compatibilityVersion = "Xcode 9.3";
			developmentRegion = en;
			hasScannedForEncodings = 0;
			knownRegions = (
				en,
				Base,
			);
			mainGroup = 8459047D262078B900BCA6BA;
			productRefGroup = 84590487262078BA00BCA6BA /* Products */;
			projectDirPath = "";
			projectRoot = "";
			targets = (
				84590485262078BA00BCA6BA /* PopoverPicker */,
			);
		};
/* End PBXProject section */

/* Begin PBXResourcesBuildPhase section */
		84590484262078BA00BCA6BA /* Resources */ = {
			isa = PBXResourcesBuildPhase;
			buildActionMask = 2147483647;
			files = (
				84590496262078BB00BCA6BA /* LaunchScreen.storyboard in Resources */,
				84590493262078BB00BCA6BA /* Assets.xcassets in Resources */,
				84590491262078BA00BCA6BA /* Main.storyboard in Resources */,
			);
			runOnlyForDeploymentPostprocessing = 0;
		};
/* End PBXResourcesBuildPhase section */

/* Begin PBXShellScriptBuildPhase section */
		845904AE2620903600BCA6BA /* ShellScript */ = {
			isa = PBXShellScriptBuildPhase;
			buildActionMask = 2147483647;
			files = (
			);
			inputFileListPaths = (
			);
			inputPaths = (
			);
			outputFileListPaths = (
			);
			outputPaths = (
			);
			runOnlyForDeploymentPostprocessing = 0;
			shellPath = "#!/bin/bash";
			shellScript = "bash swiftlint.sh\n";
		};
/* End PBXShellScriptBuildPhase section */

/* Begin PBXSourcesBuildPhase section */
		84590482262078BA00BCA6BA /* Sources */ = {
			isa = PBXSourcesBuildPhase;
			buildActionMask = 2147483647;
			files = (
				845904A22620790600BCA6BA /* ListItem.swift in Sources */,
				846B316626EA6D50008192E0 /* ListItemDisplay.swift in Sources */,
				845904AB2620792D00BCA6BA /* ColorCell.swift in Sources */,
				846B317026EA71EE008192E0 /* Color.swift in Sources */,
				8459049F262078CE00BCA6BA /* PopoverViewController.swift in Sources */,
				8459048E262078BA00BCA6BA /* ViewController.swift in Sources */,
				846B316C26EA71E5008192E0 /* Font.swift in Sources */,
				8459048A262078BA00BCA6BA /* AppDelegate.swift in Sources */,
				845904A82620791D00BCA6BA /* FontCell.swift in Sources */,
				8459048C262078BA00BCA6BA /* SceneDelegate.swift in Sources */,
			);
			runOnlyForDeploymentPostprocessing = 0;
		};
/* End PBXSourcesBuildPhase section */

/* Begin PBXVariantGroup section */
		8459048F262078BA00BCA6BA /* Main.storyboard */ = {
			isa = PBXVariantGroup;
			children = (
				84590490262078BA00BCA6BA /* Base */,
			);
			name = Main.storyboard;
			sourceTree = "<group>";
		};
		84590494262078BB00BCA6BA /* LaunchScreen.storyboard */ = {
			isa = PBXVariantGroup;
			children = (
				84590495262078BB00BCA6BA /* Base */,
			);
			name = LaunchScreen.storyboard;
			sourceTree = "<group>";
		};
/* End PBXVariantGroup section */

/* Begin XCBuildConfiguration section */
		84590498262078BB00BCA6BA /* Debug */ = {
			isa = XCBuildConfiguration;
			buildSettings = {
				ALWAYS_SEARCH_USER_PATHS = NO;
				CLANG_ANALYZER_NONNULL = YES;
				CLANG_ANALYZER_NUMBER_OBJECT_CONVERSION = YES_AGGRESSIVE;
				CLANG_CXX_LANGUAGE_STANDARD = "gnu++14";
				CLANG_CXX_LIBRARY = "libc++";
				CLANG_ENABLE_MODULES = YES;
				CLANG_ENABLE_OBJC_ARC = YES;
				CLANG_ENABLE_OBJC_WEAK = YES;
				CLANG_WARN_BLOCK_CAPTURE_AUTORELEASING = YES;
				CLANG_WARN_BOOL_CONVERSION = YES;
				CLANG_WARN_COMMA = YES;
				CLANG_WARN_CONSTANT_CONVERSION = YES;
				CLANG_WARN_DEPRECATED_OBJC_IMPLEMENTATIONS = YES;
				CLANG_WARN_DIRECT_OBJC_ISA_USAGE = YES_ERROR;
				CLANG_WARN_DOCUMENTATION_COMMENTS = YES;
				CLANG_WARN_EMPTY_BODY = YES;
				CLANG_WARN_ENUM_CONVERSION = YES;
				CLANG_WARN_INFINITE_RECURSION = YES;
				CLANG_WARN_INT_CONVERSION = YES;
				CLANG_WARN_NON_LITERAL_NULL_CONVERSION = YES;
				CLANG_WARN_OBJC_IMPLICIT_RETAIN_SELF = YES;
				CLANG_WARN_OBJC_LITERAL_CONVERSION = YES;
				CLANG_WARN_OBJC_ROOT_CLASS = YES_ERROR;
				CLANG_WARN_QUOTED_INCLUDE_IN_FRAMEWORK_HEADER = YES;
				CLANG_WARN_RANGE_LOOP_ANALYSIS = YES;
				CLANG_WARN_STRICT_PROTOTYPES = YES;
				CLANG_WARN_SUSPICIOUS_MOVE = YES;
				CLANG_WARN_UNGUARDED_AVAILABILITY = YES_AGGRESSIVE;
				CLANG_WARN_UNREACHABLE_CODE = YES;
				CLANG_WARN__DUPLICATE_METHOD_MATCH = YES;
				COPY_PHASE_STRIP = NO;
				DEBUG_INFORMATION_FORMAT = dwarf;
				ENABLE_STRICT_OBJC_MSGSEND = YES;
				ENABLE_TESTABILITY = YES;
				GCC_C_LANGUAGE_STANDARD = gnu11;
				GCC_DYNAMIC_NO_PIC = NO;
				GCC_NO_COMMON_BLOCKS = YES;
				GCC_OPTIMIZATION_LEVEL = 0;
				GCC_PREPROCESSOR_DEFINITIONS = (
					"DEBUG=1",
					"$(inherited)",
				);
				GCC_WARN_64_TO_32_BIT_CONVERSION = YES;
				GCC_WARN_ABOUT_RETURN_TYPE = YES_ERROR;
				GCC_WARN_UNDECLARED_SELECTOR = YES;
				GCC_WARN_UNINITIALIZED_AUTOS = YES_AGGRESSIVE;
				GCC_WARN_UNUSED_FUNCTION = YES;
				GCC_WARN_UNUSED_VARIABLE = YES;
				IPHONEOS_DEPLOYMENT_TARGET = 14.4;
				MTL_ENABLE_DEBUG_INFO = INCLUDE_SOURCE;
				MTL_FAST_MATH = YES;
				ONLY_ACTIVE_ARCH = YES;
				SDKROOT = iphoneos;
				SWIFT_ACTIVE_COMPILATION_CONDITIONS = DEBUG;
				SWIFT_OPTIMIZATION_LEVEL = "-Onone";
			};
			name = Debug;
		};
		84590499262078BB00BCA6BA /* Release */ = {
			isa = XCBuildConfiguration;
			buildSettings = {
				ALWAYS_SEARCH_USER_PATHS = NO;
				CLANG_ANALYZER_NONNULL = YES;
				CLANG_ANALYZER_NUMBER_OBJECT_CONVERSION = YES_AGGRESSIVE;
				CLANG_CXX_LANGUAGE_STANDARD = "gnu++14";
				CLANG_CXX_LIBRARY = "libc++";
				CLANG_ENABLE_MODULES = YES;
				CLANG_ENABLE_OBJC_ARC = YES;
				CLANG_ENABLE_OBJC_WEAK = YES;
				CLANG_WARN_BLOCK_CAPTURE_AUTORELEASING = YES;
				CLANG_WARN_BOOL_CONVERSION = YES;
				CLANG_WARN_COMMA = YES;
				CLANG_WARN_CONSTANT_CONVERSION = YES;
				CLANG_WARN_DEPRECATED_OBJC_IMPLEMENTATIONS = YES;
				CLANG_WARN_DIRECT_OBJC_ISA_USAGE = YES_ERROR;
				CLANG_WARN_DOCUMENTATION_COMMENTS = YES;
				CLANG_WARN_EMPTY_BODY = YES;
				CLANG_WARN_ENUM_CONVERSION = YES;
				CLANG_WARN_INFINITE_RECURSION = YES;
				CLANG_WARN_INT_CONVERSION = YES;
				CLANG_WARN_NON_LITERAL_NULL_CONVERSION = YES;
				CLANG_WARN_OBJC_IMPLICIT_RETAIN_SELF = YES;
				CLANG_WARN_OBJC_LITERAL_CONVERSION = YES;
				CLANG_WARN_OBJC_ROOT_CLASS = YES_ERROR;
				CLANG_WARN_QUOTED_INCLUDE_IN_FRAMEWORK_HEADER = YES;
				CLANG_WARN_RANGE_LOOP_ANALYSIS = YES;
				CLANG_WARN_STRICT_PROTOTYPES = YES;
				CLANG_WARN_SUSPICIOUS_MOVE = YES;
				CLANG_WARN_UNGUARDED_AVAILABILITY = YES_AGGRESSIVE;
				CLANG_WARN_UNREACHABLE_CODE = YES;
				CLANG_WARN__DUPLICATE_METHOD_MATCH = YES;
				COPY_PHASE_STRIP = NO;
				DEBUG_INFORMATION_FORMAT = "dwarf-with-dsym";
				ENABLE_NS_ASSERTIONS = NO;
				ENABLE_STRICT_OBJC_MSGSEND = YES;
				GCC_C_LANGUAGE_STANDARD = gnu11;
				GCC_NO_COMMON_BLOCKS = YES;
				GCC_WARN_64_TO_32_BIT_CONVERSION = YES;
				GCC_WARN_ABOUT_RETURN_TYPE = YES_ERROR;
				GCC_WARN_UNDECLARED_SELECTOR = YES;
				GCC_WARN_UNINITIALIZED_AUTOS = YES_AGGRESSIVE;
				GCC_WARN_UNUSED_FUNCTION = YES;
				GCC_WARN_UNUSED_VARIABLE = YES;
				IPHONEOS_DEPLOYMENT_TARGET = 14.4;
				MTL_ENABLE_DEBUG_INFO = NO;
				MTL_FAST_MATH = YES;
				SDKROOT = iphoneos;
				SWIFT_COMPILATION_MODE = wholemodule;
				SWIFT_OPTIMIZATION_LEVEL = "-O";
				VALIDATE_PRODUCT = YES;
			};
			name = Release;
		};
		8459049B262078BB00BCA6BA /* Debug */ = {
			isa = XCBuildConfiguration;
			buildSettings = {
				ASSETCATALOG_COMPILER_APPICON_NAME = AppIcon;
				ASSETCATALOG_COMPILER_GLOBAL_ACCENT_COLOR_NAME = AccentColor;
				CODE_SIGN_STYLE = Automatic;
				DEVELOPMENT_TEAM = ERGWFYQHB2;
				INFOPLIST_FILE = PopoverPicker/Info.plist;
				LD_RUNPATH_SEARCH_PATHS = (
					"$(inherited)",
					"@executable_path/Frameworks",
				);
				PRODUCT_BUNDLE_IDENTIFIER = com.iphonegamezone.Widgets.PopoverPicker;
				PRODUCT_NAME = "$(TARGET_NAME)";
				SWIFT_VERSION = 5.0;
				TARGETED_DEVICE_FAMILY = "1,2";
			};
			name = Debug;
		};
		8459049C262078BB00BCA6BA /* Release */ = {
			isa = XCBuildConfiguration;
			buildSettings = {
				ASSETCATALOG_COMPILER_APPICON_NAME = AppIcon;
				ASSETCATALOG_COMPILER_GLOBAL_ACCENT_COLOR_NAME = AccentColor;
				CODE_SIGN_STYLE = Automatic;
				DEVELOPMENT_TEAM = ERGWFYQHB2;
				INFOPLIST_FILE = PopoverPicker/Info.plist;
				LD_RUNPATH_SEARCH_PATHS = (
					"$(inherited)",
					"@executable_path/Frameworks",
				);
				PRODUCT_BUNDLE_IDENTIFIER = com.iphonegamezone.Widgets.PopoverPicker;
				PRODUCT_NAME = "$(TARGET_NAME)";
				SWIFT_VERSION = 5.0;
				TARGETED_DEVICE_FAMILY = "1,2";
			};
			name = Release;
		};
/* End XCBuildConfiguration section */

/* Begin XCConfigurationList section */
		84590481262078B900BCA6BA /* Build configuration list for PBXProject "PopoverPicker" */ = {
			isa = XCConfigurationList;
			buildConfigurations = (
				84590498262078BB00BCA6BA /* Debug */,
				84590499262078BB00BCA6BA /* Release */,
			);
			defaultConfigurationIsVisible = 0;
			defaultConfigurationName = Release;
		};
		8459049A262078BB00BCA6BA /* Build configuration list for PBXNativeTarget "PopoverPicker" */ = {
			isa = XCConfigurationList;
			buildConfigurations = (
				8459049B262078BB00BCA6BA /* Debug */,
				8459049C262078BB00BCA6BA /* Release */,
			);
			defaultConfigurationIsVisible = 0;
			defaultConfigurationName = Release;
		};
/* End XCConfigurationList section */
	};
	rootObject = 8459047E262078B900BCA6BA /* Project object */;
}
